
Microsoft Visual Studio Solution File, Format Version 12.00
# Visual Studio Version 17
VisualStudioVersion = 17.0.31903.59
MinimumVisualStudioVersion = 10.0.40219.1
Project("{FAE04EC0-301F-11D3-BF4B-00C04F79EFBC}") = "FIAP.MicroService.Jogos.Dominio", "FIAP.MicroService.Jogos.Dominio\FIAP.MicroService.Jogos.Dominio.csproj", "{07039506-C9BE-4C50-BDCB-90CB6E1988F6}"
EndProject
Project("{FAE04EC0-301F-11D3-BF4B-00C04F79EFBC}") = "FIAP.MicroService.Jogos.Infraestrutura", "FIAP.MicroService.Jogos.Infraestrutura\FIAP.MicroService.Jogos.Infraestrutura.csproj", "{08E5C8AF-E2A3-43B3-9BA7-F1FA4981184D}"
EndProject
Project("{FAE04EC0-301F-11D3-BF4B-00C04F79EFBC}") = "FIAP.MicroService.Jogos.Teste", "FIAP.MicroService.Jogos.Teste\FIAP.MicroService.Jogos.Teste.csproj", "{BC9B25F5-0912-4189-9377-2B08E9161372}"
EndProject
Project("{FAE04EC0-301F-11D3-BF4B-00C04F79EFBC}") = "FIAP.MicroService.Jogos.API", "FIAP.MicroService.Jogos.API\FIAP.MicroService.Jogos.API.csproj", "{1742D949-996C-454F-8C37-5F58619DE29B}"
EndProject
Global
	GlobalSection(SolutionConfigurationPlatforms) = preSolution
		Debug|Any CPU = Debug|Any CPU
		Release|Any CPU = Release|Any CPU
	EndGlobalSection
	GlobalSection(ProjectConfigurationPlatforms) = postSolution
		{07039506-C9BE-4C50-BDCB-90CB6E1988F6}.Debug|Any CPU.ActiveCfg = Debug|Any CPU
		{07039506-C9BE-4C50-BDCB-90CB6E1988F6}.Debug|Any CPU.Build.0 = Debug|Any CPU
		{07039506-C9BE-4C50-BDCB-90CB6E1988F6}.Release|Any CPU.ActiveCfg = Release|Any CPU
		{07039506-C9BE-4C50-BDCB-90CB6E1988F6}.Release|Any CPU.Build.0 = Release|Any CPU
		{08E5C8AF-E2A3-43B3-9BA7-F1FA4981184D}.Debug|Any CPU.ActiveCfg = Debug|Any CPU
		{08E5C8AF-E2A3-43B3-9BA7-F1FA4981184D}.Debug|Any CPU.Build.0 = Debug|Any CPU
		{08E5C8AF-E2A3-43B3-9BA7-F1FA4981184D}.Release|Any CPU.ActiveCfg = Release|Any CPU
		{08E5C8AF-E2A3-43B3-9BA7-F1FA4981184D}.Release|Any CPU.Build.0 = Release|Any CPU
		{BC9B25F5-0912-4189-9377-2B08E9161372}.Debug|Any CPU.ActiveCfg = Debug|Any CPU
		{BC9B25F5-0912-4189-9377-2B08E9161372}.Debug|Any CPU.Build.0 = Debug|Any CPU
		{BC9B25F5-0912-4189-9377-2B08E9161372}.Release|Any CPU.ActiveCfg = Release|Any CPU
		{BC9B25F5-0912-4189-9377-2B08E9161372}.Release|Any CPU.Build.0 = Release|Any CPU
		{1742D949-996C-454F-8C37-5F58619DE29B}.Debug|Any CPU.ActiveCfg = Debug|Any CPU
		{1742D949-996C-454F-8C37-5F58619DE29B}.Debug|Any CPU.Build.0 = Debug|Any CPU
		{1742D949-996C-454F-8C37-5F58619DE29B}.Release|Any CPU.ActiveCfg = Release|Any CPU
		{1742D949-996C-454F-8C37-5F58619DE29B}.Release|Any CPU.Build.0 = Release|Any CPU
	EndGlobalSection
	GlobalSection(SolutionProperties) = preSolution
		HideSolutionNode = FALSE
	EndGlobalSection
	GlobalSection(ExtensibilityGlobals) = postSolution
		SolutionGuid = {B14BF016-0FCF-4DE5-B2F7-60097ED4665C}
	EndGlobalSection
EndGlobal
